
Microsoft Visual Studio Solution File, Format Version 12.00
# Visual Studio Version 17
VisualStudioVersion = 17.2.32630.192
MinimumVisualStudioVersion = 10.0.40219.1
Project("{FAE04EC0-301F-11D3-BF4B-00C04F79EFBC}") = "WebAppl", "WebAppl\WebAppl.csproj", "{3C08224C-42AD-43AD-8D99-3ED088443276}"
EndProject
Global
	GlobalSection(SolutionConfigurationPlatforms) = preSolution
		Debug|Any CPU = Debug|Any CPU
		Release|Any CPU = Release|Any CPU
	EndGlobalSection
	GlobalSection(ProjectConfigurationPlatforms) = postSolution
		{3C08224C-42AD-43AD-8D99-3ED088443276}.Debug|Any CPU.ActiveCfg = Debug|Any CPU
		{3C08224C-42AD-43AD-8D99-3ED088443276}.Debug|Any CPU.Build.0 = Debug|Any CPU
		{3C08224C-42AD-43AD-8D99-3ED088443276}.Release|Any CPU.ActiveCfg = Release|Any CPU
		{3C08224C-42AD-43AD-8D99-3ED088443276}.Release|Any CPU.Build.0 = Release|Any CPU
	EndGlobalSection
	GlobalSection(SolutionProperties) = preSolution
		HideSolutionNode = FALSE
	EndGlobalSection
	GlobalSection(ExtensibilityGlobals) = postSolution
		SolutionGuid = {5DE663A6-D131-405D-BCCD-8F332E24EC0D}
	EndGlobalSection
EndGlobal
